{
  "name": "done-ui-prototype-canvas",
  "version": "1.0.0",
  "lockfileVersion": 3,
  "requires": true,
  "packages": {
    "": {
      "name": "done-ui-prototype-canvas",
      "version": "1.0.0",
      "license": "ISC",
      "dependencies": {
        "@workday/canvas-tokens-web": "^4.1.5"
      }
    },
    "node_modules/@workday/canvas-tokens-web": {
      "version": "4.1.5",
      "resolved": "https://registry.npmjs.org/@workday/canvas-tokens-web/-/canvas-tokens-web-4.1.5.tgz",
      "integrity": "sha512-HMQA7ukyUGleEkMsKjS0OiDrVR8lFOQeLgPqzlQ7BScnN4VtBeM/e7DMVgxxyVUS20dKBGMVjSfl8sP85wM6Og==",
      "license": "CC-BY-ND-4.0"
    }
  }
}
